
Microsoft Visual Studio Solution File, Format Version 12.00
# Visual Studio Version 17
VisualStudioVersion = 17.10.35027.167
MinimumVisualStudioVersion = 10.0.40219.1
Project("{FAE04EC0-301F-11D3-BF4B-00C04F79EFBC}") = "Proyecto IC 01", "Proyecto IC 01\Proyecto IC 01.csproj", "{02AF5547-550E-4140-AA8C-E62A55A9911E}"
EndProject
Global
	GlobalSection(SolutionConfigurationPlatforms) = preSolution
		Debug|Any CPU = Debug|Any CPU
		Release|Any CPU = Release|Any CPU
	EndGlobalSection
	GlobalSection(ProjectConfigurationPlatforms) = postSolution
		{02AF5547-550E-4140-AA8C-E62A55A9911E}.Debug|Any CPU.ActiveCfg = Debug|Any CPU
		{02AF5547-550E-4140-AA8C-E62A55A9911E}.Debug|Any CPU.Build.0 = Debug|Any CPU
		{02AF5547-550E-4140-AA8C-E62A55A9911E}.Release|Any CPU.ActiveCfg = Release|Any CPU
		{02AF5547-550E-4140-AA8C-E62A55A9911E}.Release|Any CPU.Build.0 = Release|Any CPU
	EndGlobalSection
	GlobalSection(SolutionProperties) = preSolution
		HideSolutionNode = FALSE
	EndGlobalSection
	GlobalSection(ExtensibilityGlobals) = postSolution
		SolutionGuid = {4DE08DA3-7F10-4716-91DF-AFCB819903BD}
	EndGlobalSection
EndGlobal
